
Microsoft Visual Studio Solution File, Format Version 12.00
# Visual Studio Version 16
VisualStudioVersion = 16.0.31624.102
MinimumVisualStudioVersion = 10.0.40219.1
Project("{FAE04EC0-301F-11D3-BF4B-00C04F79EFBC}") = "AlbaEWasteAI", "AlbaEWasteAI\AlbaEWasteAI.csproj", "{B3C45E8B-EAD2-4B27-A36C-501404C17E9A}"
EndProject
Global
	GlobalSection(SolutionConfigurationPlatforms) = preSolution
		Debug|Any CPU = Debug|Any CPU
		Release|Any CPU = Release|Any CPU
	EndGlobalSection
	GlobalSection(ProjectConfigurationPlatforms) = postSolution
		{B3C45E8B-EAD2-4B27-A36C-501404C17E9A}.Debug|Any CPU.ActiveCfg = Debug|Any CPU
		{B3C45E8B-EAD2-4B27-A36C-501404C17E9A}.Debug|Any CPU.Build.0 = Debug|Any CPU
		{B3C45E8B-EAD2-4B27-A36C-501404C17E9A}.Release|Any CPU.ActiveCfg = Release|Any CPU
		{B3C45E8B-EAD2-4B27-A36C-501404C17E9A}.Release|Any CPU.Build.0 = Release|Any CPU
	EndGlobalSection
	GlobalSection(SolutionProperties) = preSolution
		HideSolutionNode = FALSE
	EndGlobalSection
	GlobalSection(ExtensibilityGlobals) = postSolution
		SolutionGuid = {C7A33F5F-FE7A-4F22-9AFD-9326EB092B3F}
	EndGlobalSection
EndGlobal
